
Microsoft Visual Studio Solution File, Format Version 12.00
# Visual Studio Version 17
VisualStudioVersion = 17.2.32516.85
MinimumVisualStudioVersion = 10.0.40219.1
Project("{FAE04EC0-301F-11D3-BF4B-00C04F79EFBC}") = "DataProcessing", "DataProcessing\DataProcessing.csproj", "{671FD0C3-6C15-4D5F-95B7-2D153CD86259}"
EndProject
Global
	GlobalSection(SolutionConfigurationPlatforms) = preSolution
		Debug|Any CPU = Debug|Any CPU
		Release|Any CPU = Release|Any CPU
	EndGlobalSection
	GlobalSection(ProjectConfigurationPlatforms) = postSolution
		{671FD0C3-6C15-4D5F-95B7-2D153CD86259}.Debug|Any CPU.ActiveCfg = Debug|Any CPU
		{671FD0C3-6C15-4D5F-95B7-2D153CD86259}.Debug|Any CPU.Build.0 = Debug|Any CPU
		{671FD0C3-6C15-4D5F-95B7-2D153CD86259}.Release|Any CPU.ActiveCfg = Release|Any CPU
		{671FD0C3-6C15-4D5F-95B7-2D153CD86259}.Release|Any CPU.Build.0 = Release|Any CPU
	EndGlobalSection
	GlobalSection(SolutionProperties) = preSolution
		HideSolutionNode = FALSE
	EndGlobalSection
	GlobalSection(ExtensibilityGlobals) = postSolution
		SolutionGuid = {54881988-E3F0-429A-8094-1128D7FF6A1A}
	EndGlobalSection
EndGlobal
